
Microsoft Visual Studio Solution File, Format Version 12.00
# Visual Studio Version 17
VisualStudioVersion = 17.3.32901.215
MinimumVisualStudioVersion = 10.0.40219.1
Project("{FAE04EC0-301F-11D3-BF4B-00C04F79EFBC}") = "Car_Workshop_WebAPI", "Car_Workshop_WebAPI.csproj", "{286124C5-9017-4B4D-AD66-91A6932949E7}"
EndProject
Global
	GlobalSection(SolutionConfigurationPlatforms) = preSolution
		Debug|Any CPU = Debug|Any CPU
		Release|Any CPU = Release|Any CPU
	EndGlobalSection
	GlobalSection(ProjectConfigurationPlatforms) = postSolution
		{286124C5-9017-4B4D-AD66-91A6932949E7}.Debug|Any CPU.ActiveCfg = Debug|Any CPU
		{286124C5-9017-4B4D-AD66-91A6932949E7}.Debug|Any CPU.Build.0 = Debug|Any CPU
		{286124C5-9017-4B4D-AD66-91A6932949E7}.Release|Any CPU.ActiveCfg = Release|Any CPU
		{286124C5-9017-4B4D-AD66-91A6932949E7}.Release|Any CPU.Build.0 = Release|Any CPU
	EndGlobalSection
	GlobalSection(SolutionProperties) = preSolution
		HideSolutionNode = FALSE
	EndGlobalSection
	GlobalSection(ExtensibilityGlobals) = postSolution
		SolutionGuid = {A6164AE1-5359-48C4-BA17-9F04F6399046}
	EndGlobalSection
EndGlobal
